
Microsoft Visual Studio Solution File, Format Version 12.00
# Visual Studio Version 17
VisualStudioVersion = 17.11.35312.102
MinimumVisualStudioVersion = 10.0.40219.1
Project("{9A19103F-16F7-4668-BE54-9A1E7A4F7556}") = "STEP backend", "STEP backend\STEP backend.csproj", "{D033062C-B9C5-4A89-844E-566681E14945}"
EndProject
Global
	GlobalSection(SolutionConfigurationPlatforms) = preSolution
		Debug|Any CPU = Debug|Any CPU
		Release|Any CPU = Release|Any CPU
	EndGlobalSection
	GlobalSection(ProjectConfigurationPlatforms) = postSolution
		{D033062C-B9C5-4A89-844E-566681E14945}.Debug|Any CPU.ActiveCfg = Debug|Any CPU
		{D033062C-B9C5-4A89-844E-566681E14945}.Debug|Any CPU.Build.0 = Debug|Any CPU
		{D033062C-B9C5-4A89-844E-566681E14945}.Release|Any CPU.ActiveCfg = Release|Any CPU
		{D033062C-B9C5-4A89-844E-566681E14945}.Release|Any CPU.Build.0 = Release|Any CPU
	EndGlobalSection
	GlobalSection(SolutionProperties) = preSolution
		HideSolutionNode = FALSE
	EndGlobalSection
	GlobalSection(ExtensibilityGlobals) = postSolution
		SolutionGuid = {A3C0154E-F08B-40E9-BB56-E76894FB99FA}
	EndGlobalSection
EndGlobal
